{
  "name": "stella-atari-client-sdk",
  "version": "1.0.0",
  "lockfileVersion": 3,
  "requires": true,
  "packages": {
    "": {
      "name": "stella-atari-client-sdk",
      "version": "1.0.0",
      "license": "ISC",
      "dependencies": {
        "@geckos.io/client": "^3.0.0"
      }
    },
    "node_modules/@geckos.io/client": {
      "version": "3.0.0",
      "resolved": "https://registry.npmjs.org/@geckos.io/client/-/client-3.0.0.tgz",
      "integrity": "sha512-v01k5Ilo8MkrPpVUxnJ7XvevrFWEpzp7WiMfz9iWUHclukZAR+0KvjYLMrAWdbZR6BBM4LMcTbmr5ez2KJwfpg==",
      "dependencies": {
        "@geckos.io/common": "^3.0.0"
      },
      "engines": {
        "node": ">=16"
      },
      "funding": {
        "url": "https://github.com/sponsors/yandeu"
      }
    },
    "node_modules/@geckos.io/common": {
      "version": "3.0.0",
      "resolved": "https://registry.npmjs.org/@geckos.io/common/-/common-3.0.0.tgz",
      "integrity": "sha512-par4UePqom8dohWpiny/UWtFHs00F1HYmLj5qWupmYp4l4za48I1d0AGXG2S9yOc6Dm1e2xRrysoFaYr6QXfxQ==",
      "dependencies": {
        "@yandeu/events": "0.0.6"
      },
      "funding": {
        "url": "https://github.com/sponsors/yandeu"
      }
    },
    "node_modules/@yandeu/events": {
      "version": "0.0.6",
      "resolved": "https://registry.npmjs.org/@yandeu/events/-/events-0.0.6.tgz",
      "integrity": "sha512-TDwm4kpur8fqWduqZmrgSc3VLYIOflroVB2JhsM8XxL7KrVzviCXdiEGdUmslGi+ymMl5VsmOlw1+5vjoAsQPg==",
      "funding": {
        "url": "https://github.com/sponsors/yandeu"
      }
    }
  }
}
